{
  "name": "issues.nissen-corp",
  "lockfileVersion": 2,
  "requires": true,
  "packages": {
    "": {
      "dependencies": {
        "octicons-webfont": "^1.5.0"
      }
    },
    "node_modules/octicons-webfont": {
      "version": "1.5.0",
      "resolved": "https://registry.npmjs.org/octicons-webfont/-/octicons-webfont-1.5.0.tgz",
      "integrity": "sha512-DTJJTOf3jQltCjeq8mACUME/uc6y9iil3IWti6HXDYQioxEiknA7SUe+awXUCRXResSi+lK1RZggCAxEfFLPvQ==",
      "bundleDependencies": [
        "@primer/octicons"
      ],
      "dependencies": {
        "@primer/octicons": "9.6.0"
      }
    },
    "node_modules/octicons-webfont/node_modules/@primer/octicons": {
      "version": "9.6.0",
      "inBundle": true,
      "license": "MIT",
      "dependencies": {
        "object-assign": "^4.1.1"
      }
    },
    "node_modules/octicons-webfont/node_modules/object-assign": {
      "version": "4.1.1",
      "inBundle": true,
      "license": "MIT",
      "engines": {
        "node": ">=0.10.0"
      }
    }
  },
  "dependencies": {
    "octicons-webfont": {
      "version": "1.5.0",
      "resolved": "https://registry.npmjs.org/octicons-webfont/-/octicons-webfont-1.5.0.tgz",
      "integrity": "sha512-DTJJTOf3jQltCjeq8mACUME/uc6y9iil3IWti6HXDYQioxEiknA7SUe+awXUCRXResSi+lK1RZggCAxEfFLPvQ==",
      "requires": {
        "@primer/octicons": "9.6.0"
      },
      "dependencies": {
        "@primer/octicons": {
          "version": "9.6.0",
          "bundled": true,
          "requires": {
            "object-assign": "^4.1.1"
          }
        },
        "object-assign": {
          "version": "4.1.1",
          "bundled": true
        }
      }
    }
  }
}
